
Microsoft Visual Studio Solution File, Format Version 12.00
# Visual Studio Version 16
VisualStudioVersion = 16.0.28803.202
MinimumVisualStudioVersion = 10.0.40219.1
Project("{9A19103F-16F7-4668-BE54-9A1E7A4F7556}") = "OmniCore.Client", "Client\OmniCore.Client\OmniCore.Client.csproj", "{81322B39-1039-4F15-ABE2-8289367D40EB}"
EndProject
Project("{9A19103F-16F7-4668-BE54-9A1E7A4F7556}") = "OmniCore.Model", "Model\OmniCore.Model\OmniCore.Model.csproj", "{92A55542-3401-47E9-9B2C-23FB834A6488}"
EndProject
Project("{FAE04EC0-301F-11D3-BF4B-00C04F79EFBC}") = "OmniCore.Client.Droid", "Client\OmniCore.Client.Droid\OmniCore.Client.Droid.csproj", "{AAB2EDA9-36AC-4931-A32E-B4482663F5B4}"
EndProject
Project("{9A19103F-16F7-4668-BE54-9A1E7A4F7556}") = "OmniCore.Eros", "Pod\OmniCore.Eros\OmniCore.Eros.csproj", "{A60E73F7-1000-436B-9AC9-E185F298EB66}"
EndProject
Project("{9A19103F-16F7-4668-BE54-9A1E7A4F7556}") = "OmniCore.Therapy", "Therapy\OmniCore.Therapy\OmniCore.Therapy.csproj", "{0A8A5CFC-6889-4C66-AB0E-82CC579690FD}"
EndProject
Project("{9A19103F-16F7-4668-BE54-9A1E7A4F7556}") = "OmniCore.Radios.RileyLink", "Radios\OmniCore.Radios.RileyLink\OmniCore.Radios.RileyLink.csproj", "{A813AB77-2593-41E5-8E8D-A8D5E768FECE}"
EndProject
Project("{9A19103F-16F7-4668-BE54-9A1E7A4F7556}") = "OmniCore.Services", "Configuration\OmniCore.Services\OmniCore.Services.csproj", "{937C8F56-D6B0-4192-A97D-DF47930D2403}"
EndProject
Project("{9A19103F-16F7-4668-BE54-9A1E7A4F7556}") = "OmniCore.Simulation", "Simulation\OmniCore.Simulation\OmniCore.Simulation.csproj", "{6CDC764D-949D-47DB-9405-224B91A7B0B8}"
EndProject
Project("{9A19103F-16F7-4668-BE54-9A1E7A4F7556}") = "OmniCore.Repository", "Repository\OmniCore.Repository\OmniCore.Repository.csproj", "{A29C5D63-3713-428C-A69F-CA0B564B9C68}"
EndProject
Project("{9A19103F-16F7-4668-BE54-9A1E7A4F7556}") = "OmniCore.Eros.Test", "Tests\OmniCore.Eros.Test\OmniCore.Eros.Test.csproj", "{E11D29EB-A3C5-45A0-8326-906B3E0EBD2B}"
EndProject
Project("{9A19103F-16F7-4668-BE54-9A1E7A4F7556}") = "OmniCore.Client.Console", "Client\OmniCore.Client.Console\OmniCore.Client.Console.csproj", "{23A83A91-2F81-4570-8023-E892E87A2717}"
EndProject
Global
	GlobalSection(SolutionConfigurationPlatforms) = preSolution
		Debug|Any CPU = Debug|Any CPU
		Debug|ARM = Debug|ARM
		Debug|ARM64 = Debug|ARM64
		Debug|x64 = Debug|x64
		Debug|x86 = Debug|x86
		Emulator|Any CPU = Emulator|Any CPU
		Emulator|ARM = Emulator|ARM
		Emulator|ARM64 = Emulator|ARM64
		Emulator|x64 = Emulator|x64
		Emulator|x86 = Emulator|x86
		Release|Any CPU = Release|Any CPU
		Release|ARM = Release|ARM
		Release|ARM64 = Release|ARM64
		Release|x64 = Release|x64
		Release|x86 = Release|x86
	EndGlobalSection
	GlobalSection(ProjectConfigurationPlatforms) = postSolution
		{81322B39-1039-4F15-ABE2-8289367D40EB}.Debug|Any CPU.ActiveCfg = Debug|Any CPU
		{81322B39-1039-4F15-ABE2-8289367D40EB}.Debug|Any CPU.Build.0 = Debug|Any CPU
		{81322B39-1039-4F15-ABE2-8289367D40EB}.Debug|ARM.ActiveCfg = Debug|Any CPU
		{81322B39-1039-4F15-ABE2-8289367D40EB}.Debug|ARM.Build.0 = Debug|Any CPU
		{81322B39-1039-4F15-ABE2-8289367D40EB}.Debug|ARM64.ActiveCfg = Debug|Any CPU
		{81322B39-1039-4F15-ABE2-8289367D40EB}.Debug|ARM64.Build.0 = Debug|Any CPU
		{81322B39-1039-4F15-ABE2-8289367D40EB}.Debug|x64.ActiveCfg = Debug|Any CPU
		{81322B39-1039-4F15-ABE2-8289367D40EB}.Debug|x64.Build.0 = Debug|Any CPU
		{81322B39-1039-4F15-ABE2-8289367D40EB}.Debug|x86.ActiveCfg = Debug|Any CPU
		{81322B39-1039-4F15-ABE2-8289367D40EB}.Debug|x86.Build.0 = Debug|Any CPU
		{81322B39-1039-4F15-ABE2-8289367D40EB}.Emulator|Any CPU.ActiveCfg = Emulator|Any CPU
		{81322B39-1039-4F15-ABE2-8289367D40EB}.Emulator|Any CPU.Build.0 = Emulator|Any CPU
		{81322B39-1039-4F15-ABE2-8289367D40EB}.Emulator|ARM.ActiveCfg = Emulator|Any CPU
		{81322B39-1039-4F15-ABE2-8289367D40EB}.Emulator|ARM.Build.0 = Emulator|Any CPU
		{81322B39-1039-4F15-ABE2-8289367D40EB}.Emulator|ARM64.ActiveCfg = Emulator|Any CPU
		{81322B39-1039-4F15-ABE2-8289367D40EB}.Emulator|ARM64.Build.0 = Emulator|Any CPU
		{81322B39-1039-4F15-ABE2-8289367D40EB}.Emulator|x64.ActiveCfg = Emulator|Any CPU
		{81322B39-1039-4F15-ABE2-8289367D40EB}.Emulator|x64.Build.0 = Emulator|Any CPU
		{81322B39-1039-4F15-ABE2-8289367D40EB}.Emulator|x86.ActiveCfg = Emulator|Any CPU
		{81322B39-1039-4F15-ABE2-8289367D40EB}.Emulator|x86.Build.0 = Emulator|Any CPU
		{81322B39-1039-4F15-ABE2-8289367D40EB}.Release|Any CPU.ActiveCfg = Release|Any CPU
		{81322B39-1039-4F15-ABE2-8289367D40EB}.Release|Any CPU.Build.0 = Release|Any CPU
		{81322B39-1039-4F15-ABE2-8289367D40EB}.Release|ARM.ActiveCfg = Release|Any CPU
		{81322B39-1039-4F15-ABE2-8289367D40EB}.Release|ARM.Build.0 = Release|Any CPU
		{81322B39-1039-4F15-ABE2-8289367D40EB}.Release|ARM64.ActiveCfg = Release|Any CPU
		{81322B39-1039-4F15-ABE2-8289367D40EB}.Release|ARM64.Build.0 = Release|Any CPU
		{81322B39-1039-4F15-ABE2-8289367D40EB}.Release|x64.ActiveCfg = Release|Any CPU
		{81322B39-1039-4F15-ABE2-8289367D40EB}.Release|x64.Build.0 = Release|Any CPU
		{81322B39-1039-4F15-ABE2-8289367D40EB}.Release|x86.ActiveCfg = Release|Any CPU
		{81322B39-1039-4F15-ABE2-8289367D40EB}.Release|x86.Build.0 = Release|Any CPU
		{92A55542-3401-47E9-9B2C-23FB834A6488}.Debug|Any CPU.ActiveCfg = Debug|Any CPU
		{92A55542-3401-47E9-9B2C-23FB834A6488}.Debug|Any CPU.Build.0 = Debug|Any CPU
		{92A55542-3401-47E9-9B2C-23FB834A6488}.Debug|ARM.ActiveCfg = Debug|Any CPU
		{92A55542-3401-47E9-9B2C-23FB834A6488}.Debug|ARM.Build.0 = Debug|Any CPU
		{92A55542-3401-47E9-9B2C-23FB834A6488}.Debug|ARM64.ActiveCfg = Debug|Any CPU
		{92A55542-3401-47E9-9B2C-23FB834A6488}.Debug|ARM64.Build.0 = Debug|Any CPU
		{92A55542-3401-47E9-9B2C-23FB834A6488}.Debug|x64.ActiveCfg = Debug|Any CPU
		{92A55542-3401-47E9-9B2C-23FB834A6488}.Debug|x64.Build.0 = Debug|Any CPU
		{92A55542-3401-47E9-9B2C-23FB834A6488}.Debug|x86.ActiveCfg = Debug|Any CPU
		{92A55542-3401-47E9-9B2C-23FB834A6488}.Debug|x86.Build.0 = Debug|Any CPU
		{92A55542-3401-47E9-9B2C-23FB834A6488}.Emulator|Any CPU.ActiveCfg = Emulator|Any CPU
		{92A55542-3401-47E9-9B2C-23FB834A6488}.Emulator|Any CPU.Build.0 = Emulator|Any CPU
		{92A55542-3401-47E9-9B2C-23FB834A6488}.Emulator|ARM.ActiveCfg = Emulator|Any CPU
		{92A55542-3401-47E9-9B2C-23FB834A6488}.Emulator|ARM.Build.0 = Emulator|Any CPU
		{92A55542-3401-47E9-9B2C-23FB834A6488}.Emulator|ARM64.ActiveCfg = Emulator|Any CPU
		{92A55542-3401-47E9-9B2C-23FB834A6488}.Emulator|ARM64.Build.0 = Emulator|Any CPU
		{92A55542-3401-47E9-9B2C-23FB834A6488}.Emulator|x64.ActiveCfg = Emulator|Any CPU
		{92A55542-3401-47E9-9B2C-23FB834A6488}.Emulator|x64.Build.0 = Emulator|Any CPU
		{92A55542-3401-47E9-9B2C-23FB834A6488}.Emulator|x86.ActiveCfg = Emulator|Any CPU
		{92A55542-3401-47E9-9B2C-23FB834A6488}.Emulator|x86.Build.0 = Emulator|Any CPU
		{92A55542-3401-47E9-9B2C-23FB834A6488}.Release|Any CPU.ActiveCfg = Release|Any CPU
		{92A55542-3401-47E9-9B2C-23FB834A6488}.Release|Any CPU.Build.0 = Release|Any CPU
		{92A55542-3401-47E9-9B2C-23FB834A6488}.Release|ARM.ActiveCfg = Release|Any CPU
		{92A55542-3401-47E9-9B2C-23FB834A6488}.Release|ARM.Build.0 = Release|Any CPU
		{92A55542-3401-47E9-9B2C-23FB834A6488}.Release|ARM64.ActiveCfg = Release|Any CPU
		{92A55542-3401-47E9-9B2C-23FB834A6488}.Release|ARM64.Build.0 = Release|Any CPU
		{92A55542-3401-47E9-9B2C-23FB834A6488}.Release|x64.ActiveCfg = Release|Any CPU
		{92A55542-3401-47E9-9B2C-23FB834A6488}.Release|x64.Build.0 = Release|Any CPU
		{92A55542-3401-47E9-9B2C-23FB834A6488}.Release|x86.ActiveCfg = Release|Any CPU
		{92A55542-3401-47E9-9B2C-23FB834A6488}.Release|x86.Build.0 = Release|Any CPU
		{AAB2EDA9-36AC-4931-A32E-B4482663F5B4}.Debug|Any CPU.ActiveCfg = Debug|Any CPU
		{AAB2EDA9-36AC-4931-A32E-B4482663F5B4}.Debug|Any CPU.Build.0 = Debug|Any CPU
		{AAB2EDA9-36AC-4931-A32E-B4482663F5B4}.Debug|Any CPU.Deploy.0 = Debug|Any CPU
		{AAB2EDA9-36AC-4931-A32E-B4482663F5B4}.Debug|ARM.ActiveCfg = Debug|Any CPU
		{AAB2EDA9-36AC-4931-A32E-B4482663F5B4}.Debug|ARM.Build.0 = Debug|Any CPU
		{AAB2EDA9-36AC-4931-A32E-B4482663F5B4}.Debug|ARM.Deploy.0 = Debug|Any CPU
		{AAB2EDA9-36AC-4931-A32E-B4482663F5B4}.Debug|ARM64.ActiveCfg = Debug|Any CPU
		{AAB2EDA9-36AC-4931-A32E-B4482663F5B4}.Debug|ARM64.Build.0 = Debug|Any CPU
		{AAB2EDA9-36AC-4931-A32E-B4482663F5B4}.Debug|ARM64.Deploy.0 = Debug|Any CPU
		{AAB2EDA9-36AC-4931-A32E-B4482663F5B4}.Debug|x64.ActiveCfg = Debug|Any CPU
		{AAB2EDA9-36AC-4931-A32E-B4482663F5B4}.Debug|x64.Build.0 = Debug|Any CPU
		{AAB2EDA9-36AC-4931-A32E-B4482663F5B4}.Debug|x64.Deploy.0 = Debug|Any CPU
		{AAB2EDA9-36AC-4931-A32E-B4482663F5B4}.Debug|x86.ActiveCfg = Debug|Any CPU
		{AAB2EDA9-36AC-4931-A32E-B4482663F5B4}.Debug|x86.Build.0 = Debug|Any CPU
		{AAB2EDA9-36AC-4931-A32E-B4482663F5B4}.Debug|x86.Deploy.0 = Debug|Any CPU
		{AAB2EDA9-36AC-4931-A32E-B4482663F5B4}.Emulator|Any CPU.ActiveCfg = Emulator|Any CPU
		{AAB2EDA9-36AC-4931-A32E-B4482663F5B4}.Emulator|Any CPU.Build.0 = Emulator|Any CPU
		{AAB2EDA9-36AC-4931-A32E-B4482663F5B4}.Emulator|Any CPU.Deploy.0 = Emulator|Any CPU
		{AAB2EDA9-36AC-4931-A32E-B4482663F5B4}.Emulator|ARM.ActiveCfg = Emulator|Any CPU
		{AAB2EDA9-36AC-4931-A32E-B4482663F5B4}.Emulator|ARM.Build.0 = Emulator|Any CPU
		{AAB2EDA9-36AC-4931-A32E-B4482663F5B4}.Emulator|ARM.Deploy.0 = Emulator|Any CPU
		{AAB2EDA9-36AC-4931-A32E-B4482663F5B4}.Emulator|ARM64.ActiveCfg = Emulator|Any CPU
		{AAB2EDA9-36AC-4931-A32E-B4482663F5B4}.Emulator|ARM64.Build.0 = Emulator|Any CPU
		{AAB2EDA9-36AC-4931-A32E-B4482663F5B4}.Emulator|ARM64.Deploy.0 = Emulator|Any CPU
		{AAB2EDA9-36AC-4931-A32E-B4482663F5B4}.Emulator|x64.ActiveCfg = Emulator|Any CPU
		{AAB2EDA9-36AC-4931-A32E-B4482663F5B4}.Emulator|x64.Build.0 = Emulator|Any CPU
		{AAB2EDA9-36AC-4931-A32E-B4482663F5B4}.Emulator|x64.Deploy.0 = Emulator|Any CPU
		{AAB2EDA9-36AC-4931-A32E-B4482663F5B4}.Emulator|x86.ActiveCfg = Emulator|Any CPU
		{AAB2EDA9-36AC-4931-A32E-B4482663F5B4}.Emulator|x86.Build.0 = Emulator|Any CPU
		{AAB2EDA9-36AC-4931-A32E-B4482663F5B4}.Emulator|x86.Deploy.0 = Emulator|Any CPU
		{AAB2EDA9-36AC-4931-A32E-B4482663F5B4}.Release|Any CPU.ActiveCfg = Release|Any CPU
		{AAB2EDA9-36AC-4931-A32E-B4482663F5B4}.Release|Any CPU.Build.0 = Release|Any CPU
		{AAB2EDA9-36AC-4931-A32E-B4482663F5B4}.Release|Any CPU.Deploy.0 = Release|Any CPU
		{AAB2EDA9-36AC-4931-A32E-B4482663F5B4}.Release|ARM.ActiveCfg = Release|Any CPU
		{AAB2EDA9-36AC-4931-A32E-B4482663F5B4}.Release|ARM.Build.0 = Release|Any CPU
		{AAB2EDA9-36AC-4931-A32E-B4482663F5B4}.Release|ARM.Deploy.0 = Release|Any CPU
		{AAB2EDA9-36AC-4931-A32E-B4482663F5B4}.Release|ARM64.ActiveCfg = Release|Any CPU
		{AAB2EDA9-36AC-4931-A32E-B4482663F5B4}.Release|ARM64.Build.0 = Release|Any CPU
		{AAB2EDA9-36AC-4931-A32E-B4482663F5B4}.Release|ARM64.Deploy.0 = Release|Any CPU
		{AAB2EDA9-36AC-4931-A32E-B4482663F5B4}.Release|x64.ActiveCfg = Release|Any CPU
		{AAB2EDA9-36AC-4931-A32E-B4482663F5B4}.Release|x64.Build.0 = Release|Any CPU
		{AAB2EDA9-36AC-4931-A32E-B4482663F5B4}.Release|x64.Deploy.0 = Release|Any CPU
		{AAB2EDA9-36AC-4931-A32E-B4482663F5B4}.Release|x86.ActiveCfg = Release|Any CPU
		{AAB2EDA9-36AC-4931-A32E-B4482663F5B4}.Release|x86.Build.0 = Release|Any CPU
		{AAB2EDA9-36AC-4931-A32E-B4482663F5B4}.Release|x86.Deploy.0 = Release|Any CPU
		{A60E73F7-1000-436B-9AC9-E185F298EB66}.Debug|Any CPU.ActiveCfg = Debug|Any CPU
		{A60E73F7-1000-436B-9AC9-E185F298EB66}.Debug|Any CPU.Build.0 = Debug|Any CPU
		{A60E73F7-1000-436B-9AC9-E185F298EB66}.Debug|ARM.ActiveCfg = Debug|Any CPU
		{A60E73F7-1000-436B-9AC9-E185F298EB66}.Debug|ARM.Build.0 = Debug|Any CPU
		{A60E73F7-1000-436B-9AC9-E185F298EB66}.Debug|ARM64.ActiveCfg = Debug|Any CPU
		{A60E73F7-1000-436B-9AC9-E185F298EB66}.Debug|ARM64.Build.0 = Debug|Any CPU
		{A60E73F7-1000-436B-9AC9-E185F298EB66}.Debug|x64.ActiveCfg = Debug|Any CPU
		{A60E73F7-1000-436B-9AC9-E185F298EB66}.Debug|x64.Build.0 = Debug|Any CPU
		{A60E73F7-1000-436B-9AC9-E185F298EB66}.Debug|x86.ActiveCfg = Debug|Any CPU
		{A60E73F7-1000-436B-9AC9-E185F298EB66}.Debug|x86.Build.0 = Debug|Any CPU
		{A60E73F7-1000-436B-9AC9-E185F298EB66}.Emulator|Any CPU.ActiveCfg = Emulator|Any CPU
		{A60E73F7-1000-436B-9AC9-E185F298EB66}.Emulator|Any CPU.Build.0 = Emulator|Any CPU
		{A60E73F7-1000-436B-9AC9-E185F298EB66}.Emulator|ARM.ActiveCfg = Emulator|Any CPU
		{A60E73F7-1000-436B-9AC9-E185F298EB66}.Emulator|ARM.Build.0 = Emulator|Any CPU
		{A60E73F7-1000-436B-9AC9-E185F298EB66}.Emulator|ARM64.ActiveCfg = Emulator|Any CPU
		{A60E73F7-1000-436B-9AC9-E185F298EB66}.Emulator|ARM64.Build.0 = Emulator|Any CPU
		{A60E73F7-1000-436B-9AC9-E185F298EB66}.Emulator|x64.ActiveCfg = Emulator|Any CPU
		{A60E73F7-1000-436B-9AC9-E185F298EB66}.Emulator|x64.Build.0 = Emulator|Any CPU
		{A60E73F7-1000-436B-9AC9-E185F298EB66}.Emulator|x86.ActiveCfg = Emulator|Any CPU
		{A60E73F7-1000-436B-9AC9-E185F298EB66}.Emulator|x86.Build.0 = Emulator|Any CPU
		{A60E73F7-1000-436B-9AC9-E185F298EB66}.Release|Any CPU.ActiveCfg = Release|Any CPU
		{A60E73F7-1000-436B-9AC9-E185F298EB66}.Release|Any CPU.Build.0 = Release|Any CPU
		{A60E73F7-1000-436B-9AC9-E185F298EB66}.Release|ARM.ActiveCfg = Release|Any CPU
		{A60E73F7-1000-436B-9AC9-E185F298EB66}.Release|ARM.Build.0 = Release|Any CPU
		{A60E73F7-1000-436B-9AC9-E185F298EB66}.Release|ARM64.ActiveCfg = Release|Any CPU
		{A60E73F7-1000-436B-9AC9-E185F298EB66}.Release|ARM64.Build.0 = Release|Any CPU
		{A60E73F7-1000-436B-9AC9-E185F298EB66}.Release|x64.ActiveCfg = Release|Any CPU
		{A60E73F7-1000-436B-9AC9-E185F298EB66}.Release|x64.Build.0 = Release|Any CPU
		{A60E73F7-1000-436B-9AC9-E185F298EB66}.Release|x86.ActiveCfg = Release|Any CPU
		{A60E73F7-1000-436B-9AC9-E185F298EB66}.Release|x86.Build.0 = Release|Any CPU
		{0A8A5CFC-6889-4C66-AB0E-82CC579690FD}.Debug|Any CPU.ActiveCfg = Debug|Any CPU
		{0A8A5CFC-6889-4C66-AB0E-82CC579690FD}.Debug|Any CPU.Build.0 = Debug|Any CPU
		{0A8A5CFC-6889-4C66-AB0E-82CC579690FD}.Debug|ARM.ActiveCfg = Debug|Any CPU
		{0A8A5CFC-6889-4C66-AB0E-82CC579690FD}.Debug|ARM.Build.0 = Debug|Any CPU
		{0A8A5CFC-6889-4C66-AB0E-82CC579690FD}.Debug|ARM64.ActiveCfg = Debug|Any CPU
		{0A8A5CFC-6889-4C66-AB0E-82CC579690FD}.Debug|ARM64.Build.0 = Debug|Any CPU
		{0A8A5CFC-6889-4C66-AB0E-82CC579690FD}.Debug|x64.ActiveCfg = Debug|Any CPU
		{0A8A5CFC-6889-4C66-AB0E-82CC579690FD}.Debug|x64.Build.0 = Debug|Any CPU
		{0A8A5CFC-6889-4C66-AB0E-82CC579690FD}.Debug|x86.ActiveCfg = Debug|Any CPU
		{0A8A5CFC-6889-4C66-AB0E-82CC579690FD}.Debug|x86.Build.0 = Debug|Any CPU
		{0A8A5CFC-6889-4C66-AB0E-82CC579690FD}.Emulator|Any CPU.ActiveCfg = Emulator|Any CPU
		{0A8A5CFC-6889-4C66-AB0E-82CC579690FD}.Emulator|Any CPU.Build.0 = Emulator|Any CPU
		{0A8A5CFC-6889-4C66-AB0E-82CC579690FD}.Emulator|ARM.ActiveCfg = Emulator|Any CPU
		{0A8A5CFC-6889-4C66-AB0E-82CC579690FD}.Emulator|ARM.Build.0 = Emulator|Any CPU
		{0A8A5CFC-6889-4C66-AB0E-82CC579690FD}.Emulator|ARM64.ActiveCfg = Emulator|Any CPU
		{0A8A5CFC-6889-4C66-AB0E-82CC579690FD}.Emulator|ARM64.Build.0 = Emulator|Any CPU
		{0A8A5CFC-6889-4C66-AB0E-82CC579690FD}.Emulator|x64.ActiveCfg = Emulator|Any CPU
		{0A8A5CFC-6889-4C66-AB0E-82CC579690FD}.Emulator|x64.Build.0 = Emulator|Any CPU
		{0A8A5CFC-6889-4C66-AB0E-82CC579690FD}.Emulator|x86.ActiveCfg = Emulator|Any CPU
		{0A8A5CFC-6889-4C66-AB0E-82CC579690FD}.Emulator|x86.Build.0 = Emulator|Any CPU
		{0A8A5CFC-6889-4C66-AB0E-82CC579690FD}.Release|Any CPU.ActiveCfg = Release|Any CPU
		{0A8A5CFC-6889-4C66-AB0E-82CC579690FD}.Release|Any CPU.Build.0 = Release|Any CPU
		{0A8A5CFC-6889-4C66-AB0E-82CC579690FD}.Release|ARM.ActiveCfg = Release|Any CPU
		{0A8A5CFC-6889-4C66-AB0E-82CC579690FD}.Release|ARM.Build.0 = Release|Any CPU
		{0A8A5CFC-6889-4C66-AB0E-82CC579690FD}.Release|ARM64.ActiveCfg = Release|Any CPU
		{0A8A5CFC-6889-4C66-AB0E-82CC579690FD}.Release|ARM64.Build.0 = Release|Any CPU
		{0A8A5CFC-6889-4C66-AB0E-82CC579690FD}.Release|x64.ActiveCfg = Release|Any CPU
		{0A8A5CFC-6889-4C66-AB0E-82CC579690FD}.Release|x64.Build.0 = Release|Any CPU
		{0A8A5CFC-6889-4C66-AB0E-82CC579690FD}.Release|x86.ActiveCfg = Release|Any CPU
		{0A8A5CFC-6889-4C66-AB0E-82CC579690FD}.Release|x86.Build.0 = Release|Any CPU
		{A813AB77-2593-41E5-8E8D-A8D5E768FECE}.Debug|Any CPU.ActiveCfg = Debug|Any CPU
		{A813AB77-2593-41E5-8E8D-A8D5E768FECE}.Debug|Any CPU.Build.0 = Debug|Any CPU
		{A813AB77-2593-41E5-8E8D-A8D5E768FECE}.Debug|ARM.ActiveCfg = Debug|Any CPU
		{A813AB77-2593-41E5-8E8D-A8D5E768FECE}.Debug|ARM.Build.0 = Debug|Any CPU
		{A813AB77-2593-41E5-8E8D-A8D5E768FECE}.Debug|ARM64.ActiveCfg = Debug|Any CPU
		{A813AB77-2593-41E5-8E8D-A8D5E768FECE}.Debug|ARM64.Build.0 = Debug|Any CPU
		{A813AB77-2593-41E5-8E8D-A8D5E768FECE}.Debug|x64.ActiveCfg = Debug|Any CPU
		{A813AB77-2593-41E5-8E8D-A8D5E768FECE}.Debug|x64.Build.0 = Debug|Any CPU
		{A813AB77-2593-41E5-8E8D-A8D5E768FECE}.Debug|x86.ActiveCfg = Debug|Any CPU
		{A813AB77-2593-41E5-8E8D-A8D5E768FECE}.Debug|x86.Build.0 = Debug|Any CPU
		{A813AB77-2593-41E5-8E8D-A8D5E768FECE}.Emulator|Any CPU.ActiveCfg = Emulator|Any CPU
		{A813AB77-2593-41E5-8E8D-A8D5E768FECE}.Emulator|Any CPU.Build.0 = Emulator|Any CPU
		{A813AB77-2593-41E5-8E8D-A8D5E768FECE}.Emulator|ARM.ActiveCfg = Emulator|Any CPU
		{A813AB77-2593-41E5-8E8D-A8D5E768FECE}.Emulator|ARM.Build.0 = Emulator|Any CPU
		{A813AB77-2593-41E5-8E8D-A8D5E768FECE}.Emulator|ARM64.ActiveCfg = Emulator|Any CPU
		{A813AB77-2593-41E5-8E8D-A8D5E768FECE}.Emulator|ARM64.Build.0 = Emulator|Any CPU
		{A813AB77-2593-41E5-8E8D-A8D5E768FECE}.Emulator|x64.ActiveCfg = Emulator|Any CPU
		{A813AB77-2593-41E5-8E8D-A8D5E768FECE}.Emulator|x64.Build.0 = Emulator|Any CPU
		{A813AB77-2593-41E5-8E8D-A8D5E768FECE}.Emulator|x86.ActiveCfg = Emulator|Any CPU
		{A813AB77-2593-41E5-8E8D-A8D5E768FECE}.Emulator|x86.Build.0 = Emulator|Any CPU
		{A813AB77-2593-41E5-8E8D-A8D5E768FECE}.Release|Any CPU.ActiveCfg = Release|Any CPU
		{A813AB77-2593-41E5-8E8D-A8D5E768FECE}.Release|Any CPU.Build.0 = Release|Any CPU
		{A813AB77-2593-41E5-8E8D-A8D5E768FECE}.Release|ARM.ActiveCfg = Release|Any CPU
		{A813AB77-2593-41E5-8E8D-A8D5E768FECE}.Release|ARM.Build.0 = Release|Any CPU
		{A813AB77-2593-41E5-8E8D-A8D5E768FECE}.Release|ARM64.ActiveCfg = Release|Any CPU
		{A813AB77-2593-41E5-8E8D-A8D5E768FECE}.Release|ARM64.Build.0 = Release|Any CPU
		{A813AB77-2593-41E5-8E8D-A8D5E768FECE}.Release|x64.ActiveCfg = Release|Any CPU
		{A813AB77-2593-41E5-8E8D-A8D5E768FECE}.Release|x64.Build.0 = Release|Any CPU
		{A813AB77-2593-41E5-8E8D-A8D5E768FECE}.Release|x86.ActiveCfg = Release|Any CPU
		{A813AB77-2593-41E5-8E8D-A8D5E768FECE}.Release|x86.Build.0 = Release|Any CPU
		{937C8F56-D6B0-4192-A97D-DF47930D2403}.Debug|Any CPU.ActiveCfg = Debug|Any CPU
		{937C8F56-D6B0-4192-A97D-DF47930D2403}.Debug|Any CPU.Build.0 = Debug|Any CPU
		{937C8F56-D6B0-4192-A97D-DF47930D2403}.Debug|ARM.ActiveCfg = Debug|Any CPU
		{937C8F56-D6B0-4192-A97D-DF47930D2403}.Debug|ARM.Build.0 = Debug|Any CPU
		{937C8F56-D6B0-4192-A97D-DF47930D2403}.Debug|ARM64.ActiveCfg = Debug|Any CPU
		{937C8F56-D6B0-4192-A97D-DF47930D2403}.Debug|ARM64.Build.0 = Debug|Any CPU
		{937C8F56-D6B0-4192-A97D-DF47930D2403}.Debug|x64.ActiveCfg = Debug|Any CPU
		{937C8F56-D6B0-4192-A97D-DF47930D2403}.Debug|x64.Build.0 = Debug|Any CPU
		{937C8F56-D6B0-4192-A97D-DF47930D2403}.Debug|x86.ActiveCfg = Debug|Any CPU
		{937C8F56-D6B0-4192-A97D-DF47930D2403}.Debug|x86.Build.0 = Debug|Any CPU
		{937C8F56-D6B0-4192-A97D-DF47930D2403}.Emulator|Any CPU.ActiveCfg = Emulator|Any CPU
		{937C8F56-D6B0-4192-A97D-DF47930D2403}.Emulator|Any CPU.Build.0 = Emulator|Any CPU
		{937C8F56-D6B0-4192-A97D-DF47930D2403}.Emulator|ARM.ActiveCfg = Emulator|Any CPU
		{937C8F56-D6B0-4192-A97D-DF47930D2403}.Emulator|ARM.Build.0 = Emulator|Any CPU
		{937C8F56-D6B0-4192-A97D-DF47930D2403}.Emulator|ARM64.ActiveCfg = Emulator|Any CPU
		{937C8F56-D6B0-4192-A97D-DF47930D2403}.Emulator|ARM64.Build.0 = Emulator|Any CPU
		{937C8F56-D6B0-4192-A97D-DF47930D2403}.Emulator|x64.ActiveCfg = Emulator|Any CPU
		{937C8F56-D6B0-4192-A97D-DF47930D2403}.Emulator|x64.Build.0 = Emulator|Any CPU
		{937C8F56-D6B0-4192-A97D-DF47930D2403}.Emulator|x86.ActiveCfg = Emulator|Any CPU
		{937C8F56-D6B0-4192-A97D-DF47930D2403}.Emulator|x86.Build.0 = Emulator|Any CPU
		{937C8F56-D6B0-4192-A97D-DF47930D2403}.Release|Any CPU.ActiveCfg = Release|Any CPU
		{937C8F56-D6B0-4192-A97D-DF47930D2403}.Release|Any CPU.Build.0 = Release|Any CPU
		{937C8F56-D6B0-4192-A97D-DF47930D2403}.Release|ARM.ActiveCfg = Release|Any CPU
		{937C8F56-D6B0-4192-A97D-DF47930D2403}.Release|ARM.Build.0 = Release|Any CPU
		{937C8F56-D6B0-4192-A97D-DF47930D2403}.Release|ARM64.ActiveCfg = Release|Any CPU
		{937C8F56-D6B0-4192-A97D-DF47930D2403}.Release|ARM64.Build.0 = Release|Any CPU
		{937C8F56-D6B0-4192-A97D-DF47930D2403}.Release|x64.ActiveCfg = Release|Any CPU
		{937C8F56-D6B0-4192-A97D-DF47930D2403}.Release|x64.Build.0 = Release|Any CPU
		{937C8F56-D6B0-4192-A97D-DF47930D2403}.Release|x86.ActiveCfg = Release|Any CPU
		{937C8F56-D6B0-4192-A97D-DF47930D2403}.Release|x86.Build.0 = Release|Any CPU
		{6CDC764D-949D-47DB-9405-224B91A7B0B8}.Debug|Any CPU.ActiveCfg = Debug|Any CPU
		{6CDC764D-949D-47DB-9405-224B91A7B0B8}.Debug|Any CPU.Build.0 = Debug|Any CPU
		{6CDC764D-949D-47DB-9405-224B91A7B0B8}.Debug|ARM.ActiveCfg = Debug|Any CPU
		{6CDC764D-949D-47DB-9405-224B91A7B0B8}.Debug|ARM.Build.0 = Debug|Any CPU
		{6CDC764D-949D-47DB-9405-224B91A7B0B8}.Debug|ARM64.ActiveCfg = Debug|Any CPU
		{6CDC764D-949D-47DB-9405-224B91A7B0B8}.Debug|ARM64.Build.0 = Debug|Any CPU
		{6CDC764D-949D-47DB-9405-224B91A7B0B8}.Debug|x64.ActiveCfg = Debug|Any CPU
		{6CDC764D-949D-47DB-9405-224B91A7B0B8}.Debug|x64.Build.0 = Debug|Any CPU
		{6CDC764D-949D-47DB-9405-224B91A7B0B8}.Debug|x86.ActiveCfg = Debug|Any CPU
		{6CDC764D-949D-47DB-9405-224B91A7B0B8}.Debug|x86.Build.0 = Debug|Any CPU
		{6CDC764D-949D-47DB-9405-224B91A7B0B8}.Emulator|Any CPU.ActiveCfg = Emulator|Any CPU
		{6CDC764D-949D-47DB-9405-224B91A7B0B8}.Emulator|Any CPU.Build.0 = Emulator|Any CPU
		{6CDC764D-949D-47DB-9405-224B91A7B0B8}.Emulator|ARM.ActiveCfg = Emulator|Any CPU
		{6CDC764D-949D-47DB-9405-224B91A7B0B8}.Emulator|ARM.Build.0 = Emulator|Any CPU
		{6CDC764D-949D-47DB-9405-224B91A7B0B8}.Emulator|ARM64.ActiveCfg = Emulator|Any CPU
		{6CDC764D-949D-47DB-9405-224B91A7B0B8}.Emulator|ARM64.Build.0 = Emulator|Any CPU
		{6CDC764D-949D-47DB-9405-224B91A7B0B8}.Emulator|x64.ActiveCfg = Emulator|Any CPU
		{6CDC764D-949D-47DB-9405-224B91A7B0B8}.Emulator|x64.Build.0 = Emulator|Any CPU
		{6CDC764D-949D-47DB-9405-224B91A7B0B8}.Emulator|x86.ActiveCfg = Emulator|Any CPU
		{6CDC764D-949D-47DB-9405-224B91A7B0B8}.Emulator|x86.Build.0 = Emulator|Any CPU
		{6CDC764D-949D-47DB-9405-224B91A7B0B8}.Release|Any CPU.ActiveCfg = Release|Any CPU
		{6CDC764D-949D-47DB-9405-224B91A7B0B8}.Release|Any CPU.Build.0 = Release|Any CPU
		{6CDC764D-949D-47DB-9405-224B91A7B0B8}.Release|ARM.ActiveCfg = Release|Any CPU
		{6CDC764D-949D-47DB-9405-224B91A7B0B8}.Release|ARM.Build.0 = Release|Any CPU
		{6CDC764D-949D-47DB-9405-224B91A7B0B8}.Release|ARM64.ActiveCfg = Release|Any CPU
		{6CDC764D-949D-47DB-9405-224B91A7B0B8}.Release|ARM64.Build.0 = Release|Any CPU
		{6CDC764D-949D-47DB-9405-224B91A7B0B8}.Release|x64.ActiveCfg = Release|Any CPU
		{6CDC764D-949D-47DB-9405-224B91A7B0B8}.Release|x64.Build.0 = Release|Any CPU
		{6CDC764D-949D-47DB-9405-224B91A7B0B8}.Release|x86.ActiveCfg = Release|Any CPU
		{6CDC764D-949D-47DB-9405-224B91A7B0B8}.Release|x86.Build.0 = Release|Any CPU
		{A29C5D63-3713-428C-A69F-CA0B564B9C68}.Debug|Any CPU.ActiveCfg = Debug|Any CPU
		{A29C5D63-3713-428C-A69F-CA0B564B9C68}.Debug|Any CPU.Build.0 = Debug|Any CPU
		{A29C5D63-3713-428C-A69F-CA0B564B9C68}.Debug|ARM.ActiveCfg = Debug|Any CPU
		{A29C5D63-3713-428C-A69F-CA0B564B9C68}.Debug|ARM.Build.0 = Debug|Any CPU
		{A29C5D63-3713-428C-A69F-CA0B564B9C68}.Debug|ARM64.ActiveCfg = Debug|Any CPU
		{A29C5D63-3713-428C-A69F-CA0B564B9C68}.Debug|ARM64.Build.0 = Debug|Any CPU
		{A29C5D63-3713-428C-A69F-CA0B564B9C68}.Debug|x64.ActiveCfg = Debug|Any CPU
		{A29C5D63-3713-428C-A69F-CA0B564B9C68}.Debug|x64.Build.0 = Debug|Any CPU
		{A29C5D63-3713-428C-A69F-CA0B564B9C68}.Debug|x86.ActiveCfg = Debug|Any CPU
		{A29C5D63-3713-428C-A69F-CA0B564B9C68}.Debug|x86.Build.0 = Debug|Any CPU
		{A29C5D63-3713-428C-A69F-CA0B564B9C68}.Emulator|Any CPU.ActiveCfg = Debug|Any CPU
		{A29C5D63-3713-428C-A69F-CA0B564B9C68}.Emulator|Any CPU.Build.0 = Debug|Any CPU
		{A29C5D63-3713-428C-A69F-CA0B564B9C68}.Emulator|ARM.ActiveCfg = Debug|Any CPU
		{A29C5D63-3713-428C-A69F-CA0B564B9C68}.Emulator|ARM.Build.0 = Debug|Any CPU
		{A29C5D63-3713-428C-A69F-CA0B564B9C68}.Emulator|ARM64.ActiveCfg = Debug|Any CPU
		{A29C5D63-3713-428C-A69F-CA0B564B9C68}.Emulator|ARM64.Build.0 = Debug|Any CPU
		{A29C5D63-3713-428C-A69F-CA0B564B9C68}.Emulator|x64.ActiveCfg = Debug|Any CPU
		{A29C5D63-3713-428C-A69F-CA0B564B9C68}.Emulator|x64.Build.0 = Debug|Any CPU
		{A29C5D63-3713-428C-A69F-CA0B564B9C68}.Emulator|x86.ActiveCfg = Debug|Any CPU
		{A29C5D63-3713-428C-A69F-CA0B564B9C68}.Emulator|x86.Build.0 = Debug|Any CPU
		{A29C5D63-3713-428C-A69F-CA0B564B9C68}.Release|Any CPU.ActiveCfg = Release|Any CPU
		{A29C5D63-3713-428C-A69F-CA0B564B9C68}.Release|Any CPU.Build.0 = Release|Any CPU
		{A29C5D63-3713-428C-A69F-CA0B564B9C68}.Release|ARM.ActiveCfg = Release|Any CPU
		{A29C5D63-3713-428C-A69F-CA0B564B9C68}.Release|ARM.Build.0 = Release|Any CPU
		{A29C5D63-3713-428C-A69F-CA0B564B9C68}.Release|ARM64.ActiveCfg = Release|Any CPU
		{A29C5D63-3713-428C-A69F-CA0B564B9C68}.Release|ARM64.Build.0 = Release|Any CPU
		{A29C5D63-3713-428C-A69F-CA0B564B9C68}.Release|x64.ActiveCfg = Release|Any CPU
		{A29C5D63-3713-428C-A69F-CA0B564B9C68}.Release|x64.Build.0 = Release|Any CPU
		{A29C5D63-3713-428C-A69F-CA0B564B9C68}.Release|x86.ActiveCfg = Release|Any CPU
		{A29C5D63-3713-428C-A69F-CA0B564B9C68}.Release|x86.Build.0 = Release|Any CPU
		{E11D29EB-A3C5-45A0-8326-906B3E0EBD2B}.Debug|Any CPU.ActiveCfg = Debug|Any CPU
		{E11D29EB-A3C5-45A0-8326-906B3E0EBD2B}.Debug|Any CPU.Build.0 = Debug|Any CPU
		{E11D29EB-A3C5-45A0-8326-906B3E0EBD2B}.Debug|ARM.ActiveCfg = Debug|Any CPU
		{E11D29EB-A3C5-45A0-8326-906B3E0EBD2B}.Debug|ARM.Build.0 = Debug|Any CPU
		{E11D29EB-A3C5-45A0-8326-906B3E0EBD2B}.Debug|ARM64.ActiveCfg = Debug|Any CPU
		{E11D29EB-A3C5-45A0-8326-906B3E0EBD2B}.Debug|ARM64.Build.0 = Debug|Any CPU
		{E11D29EB-A3C5-45A0-8326-906B3E0EBD2B}.Debug|x64.ActiveCfg = Debug|Any CPU
		{E11D29EB-A3C5-45A0-8326-906B3E0EBD2B}.Debug|x64.Build.0 = Debug|Any CPU
		{E11D29EB-A3C5-45A0-8326-906B3E0EBD2B}.Debug|x86.ActiveCfg = Debug|Any CPU
		{E11D29EB-A3C5-45A0-8326-906B3E0EBD2B}.Debug|x86.Build.0 = Debug|Any CPU
		{E11D29EB-A3C5-45A0-8326-906B3E0EBD2B}.Emulator|Any CPU.ActiveCfg = Debug|Any CPU
		{E11D29EB-A3C5-45A0-8326-906B3E0EBD2B}.Emulator|Any CPU.Build.0 = Debug|Any CPU
		{E11D29EB-A3C5-45A0-8326-906B3E0EBD2B}.Emulator|ARM.ActiveCfg = Debug|Any CPU
		{E11D29EB-A3C5-45A0-8326-906B3E0EBD2B}.Emulator|ARM.Build.0 = Debug|Any CPU
		{E11D29EB-A3C5-45A0-8326-906B3E0EBD2B}.Emulator|ARM64.ActiveCfg = Debug|Any CPU
		{E11D29EB-A3C5-45A0-8326-906B3E0EBD2B}.Emulator|ARM64.Build.0 = Debug|Any CPU
		{E11D29EB-A3C5-45A0-8326-906B3E0EBD2B}.Emulator|x64.ActiveCfg = Debug|Any CPU
		{E11D29EB-A3C5-45A0-8326-906B3E0EBD2B}.Emulator|x64.Build.0 = Debug|Any CPU
		{E11D29EB-A3C5-45A0-8326-906B3E0EBD2B}.Emulator|x86.ActiveCfg = Debug|Any CPU
		{E11D29EB-A3C5-45A0-8326-906B3E0EBD2B}.Emulator|x86.Build.0 = Debug|Any CPU
		{E11D29EB-A3C5-45A0-8326-906B3E0EBD2B}.Release|Any CPU.ActiveCfg = Release|Any CPU
		{E11D29EB-A3C5-45A0-8326-906B3E0EBD2B}.Release|Any CPU.Build.0 = Release|Any CPU
		{E11D29EB-A3C5-45A0-8326-906B3E0EBD2B}.Release|ARM.ActiveCfg = Release|Any CPU
		{E11D29EB-A3C5-45A0-8326-906B3E0EBD2B}.Release|ARM.Build.0 = Release|Any CPU
		{E11D29EB-A3C5-45A0-8326-906B3E0EBD2B}.Release|ARM64.ActiveCfg = Release|Any CPU
		{E11D29EB-A3C5-45A0-8326-906B3E0EBD2B}.Release|ARM64.Build.0 = Release|Any CPU
		{E11D29EB-A3C5-45A0-8326-906B3E0EBD2B}.Release|x64.ActiveCfg = Release|Any CPU
		{E11D29EB-A3C5-45A0-8326-906B3E0EBD2B}.Release|x64.Build.0 = Release|Any CPU
		{E11D29EB-A3C5-45A0-8326-906B3E0EBD2B}.Release|x86.ActiveCfg = Release|Any CPU
		{E11D29EB-A3C5-45A0-8326-906B3E0EBD2B}.Release|x86.Build.0 = Release|Any CPU
		{23A83A91-2F81-4570-8023-E892E87A2717}.Debug|Any CPU.ActiveCfg = Debug|Any CPU
		{23A83A91-2F81-4570-8023-E892E87A2717}.Debug|Any CPU.Build.0 = Debug|Any CPU
		{23A83A91-2F81-4570-8023-E892E87A2717}.Debug|ARM.ActiveCfg = Debug|Any CPU
		{23A83A91-2F81-4570-8023-E892E87A2717}.Debug|ARM.Build.0 = Debug|Any CPU
		{23A83A91-2F81-4570-8023-E892E87A2717}.Debug|ARM64.ActiveCfg = Debug|Any CPU
		{23A83A91-2F81-4570-8023-E892E87A2717}.Debug|ARM64.Build.0 = Debug|Any CPU
		{23A83A91-2F81-4570-8023-E892E87A2717}.Debug|x64.ActiveCfg = Debug|Any CPU
		{23A83A91-2F81-4570-8023-E892E87A2717}.Debug|x64.Build.0 = Debug|Any CPU
		{23A83A91-2F81-4570-8023-E892E87A2717}.Debug|x86.ActiveCfg = Debug|Any CPU
		{23A83A91-2F81-4570-8023-E892E87A2717}.Debug|x86.Build.0 = Debug|Any CPU
		{23A83A91-2F81-4570-8023-E892E87A2717}.Emulator|Any CPU.ActiveCfg = Debug|Any CPU
		{23A83A91-2F81-4570-8023-E892E87A2717}.Emulator|Any CPU.Build.0 = Debug|Any CPU
		{23A83A91-2F81-4570-8023-E892E87A2717}.Emulator|ARM.ActiveCfg = Debug|Any CPU
		{23A83A91-2F81-4570-8023-E892E87A2717}.Emulator|ARM.Build.0 = Debug|Any CPU
		{23A83A91-2F81-4570-8023-E892E87A2717}.Emulator|ARM64.ActiveCfg = Debug|Any CPU
		{23A83A91-2F81-4570-8023-E892E87A2717}.Emulator|ARM64.Build.0 = Debug|Any CPU
		{23A83A91-2F81-4570-8023-E892E87A2717}.Emulator|x64.ActiveCfg = Debug|Any CPU
		{23A83A91-2F81-4570-8023-E892E87A2717}.Emulator|x64.Build.0 = Debug|Any CPU
		{23A83A91-2F81-4570-8023-E892E87A2717}.Emulator|x86.ActiveCfg = Debug|Any CPU
		{23A83A91-2F81-4570-8023-E892E87A2717}.Emulator|x86.Build.0 = Debug|Any CPU
		{23A83A91-2F81-4570-8023-E892E87A2717}.Release|Any CPU.ActiveCfg = Release|Any CPU
		{23A83A91-2F81-4570-8023-E892E87A2717}.Release|Any CPU.Build.0 = Release|Any CPU
		{23A83A91-2F81-4570-8023-E892E87A2717}.Release|ARM.ActiveCfg = Release|Any CPU
		{23A83A91-2F81-4570-8023-E892E87A2717}.Release|ARM.Build.0 = Release|Any CPU
		{23A83A91-2F81-4570-8023-E892E87A2717}.Release|ARM64.ActiveCfg = Release|Any CPU
		{23A83A91-2F81-4570-8023-E892E87A2717}.Release|ARM64.Build.0 = Release|Any CPU
		{23A83A91-2F81-4570-8023-E892E87A2717}.Release|x64.ActiveCfg = Release|Any CPU
		{23A83A91-2F81-4570-8023-E892E87A2717}.Release|x64.Build.0 = Release|Any CPU
		{23A83A91-2F81-4570-8023-E892E87A2717}.Release|x86.ActiveCfg = Release|Any CPU
		{23A83A91-2F81-4570-8023-E892E87A2717}.Release|x86.Build.0 = Release|Any CPU
	EndGlobalSection
	GlobalSection(SolutionProperties) = preSolution
		HideSolutionNode = FALSE
	EndGlobalSection
	GlobalSection(ExtensibilityGlobals) = postSolution
		SolutionGuid = {53907CAB-6163-47E7-8635-D04524AA468A}
	EndGlobalSection
EndGlobal
