
Microsoft Visual Studio Solution File, Format Version 12.00
Project("{FAE04EC0-301F-11D3-BF4B-00C04F79EFBC}") = "OmniCore.Mobile", "OmniCore.Mobile\OmniCore.Mobile.csproj", "{FA70A833-A1DE-44BE-BD24-6965B794CEFA}"
EndProject
Project("{FAE04EC0-301F-11D3-BF4B-00C04F79EFBC}") = "OmniCore.Mobile.Android", "OmniCore.Mobile.Android\OmniCore.Mobile.Android.csproj", "{BD260549-949E-4231-8D6B-C125CB4CA0AB}"
EndProject
Project("{FAE04EC0-301F-11D3-BF4B-00C04F79EFBC}") = "OmniCore.Mobile.iOS", "OmniCore.Mobile.iOS\OmniCore.Mobile.iOS.csproj", "{F578894D-166C-4836-BEB7-AA124A396873}"
EndProject
Global
	GlobalSection(SolutionConfigurationPlatforms) = preSolution
		Ad-Hoc|iPhone = Ad-Hoc|iPhone
		AppStore|iPhone = AppStore|iPhone
		Debug|Any CPU = Debug|Any CPU
		Debug|iPhone = Debug|iPhone
		Debug|iPhoneSimulator = Debug|iPhoneSimulator
		Release|Any CPU = Release|Any CPU
		Release|iPhone = Release|iPhone
		Release|iPhoneSimulator = Release|iPhoneSimulator
	EndGlobalSection
	GlobalSection(ProjectConfigurationPlatforms) = postSolution
		{FA70A833-A1DE-44BE-BD24-6965B794CEFA}.Ad-Hoc|iPhone.ActiveCfg = Debug|Any CPU
		{FA70A833-A1DE-44BE-BD24-6965B794CEFA}.Ad-Hoc|iPhone.Build.0 = Debug|Any CPU
		{FA70A833-A1DE-44BE-BD24-6965B794CEFA}.AppStore|iPhone.ActiveCfg = Debug|Any CPU
		{FA70A833-A1DE-44BE-BD24-6965B794CEFA}.AppStore|iPhone.Build.0 = Debug|Any CPU
		{FA70A833-A1DE-44BE-BD24-6965B794CEFA}.Debug|Any CPU.ActiveCfg = Debug|Any CPU
		{FA70A833-A1DE-44BE-BD24-6965B794CEFA}.Debug|Any CPU.Build.0 = Debug|Any CPU
		{FA70A833-A1DE-44BE-BD24-6965B794CEFA}.Debug|iPhone.ActiveCfg = Debug|Any CPU
		{FA70A833-A1DE-44BE-BD24-6965B794CEFA}.Debug|iPhone.Build.0 = Debug|Any CPU
		{FA70A833-A1DE-44BE-BD24-6965B794CEFA}.Debug|iPhoneSimulator.ActiveCfg = Debug|Any CPU
		{FA70A833-A1DE-44BE-BD24-6965B794CEFA}.Debug|iPhoneSimulator.Build.0 = Debug|Any CPU
		{FA70A833-A1DE-44BE-BD24-6965B794CEFA}.Release|Any CPU.ActiveCfg = Release|Any CPU
		{FA70A833-A1DE-44BE-BD24-6965B794CEFA}.Release|Any CPU.Build.0 = Release|Any CPU
		{FA70A833-A1DE-44BE-BD24-6965B794CEFA}.Release|iPhone.ActiveCfg = Release|Any CPU
		{FA70A833-A1DE-44BE-BD24-6965B794CEFA}.Release|iPhone.Build.0 = Release|Any CPU
		{FA70A833-A1DE-44BE-BD24-6965B794CEFA}.Release|iPhoneSimulator.ActiveCfg = Release|Any CPU
		{FA70A833-A1DE-44BE-BD24-6965B794CEFA}.Release|iPhoneSimulator.Build.0 = Release|Any CPU
		{BD260549-949E-4231-8D6B-C125CB4CA0AB}.Ad-Hoc|iPhone.ActiveCfg = Debug|Any CPU
		{BD260549-949E-4231-8D6B-C125CB4CA0AB}.Ad-Hoc|iPhone.Build.0 = Debug|Any CPU
		{BD260549-949E-4231-8D6B-C125CB4CA0AB}.Ad-Hoc|iPhone.Deploy.0 = Debug|Any CPU
		{BD260549-949E-4231-8D6B-C125CB4CA0AB}.AppStore|iPhone.ActiveCfg = Debug|Any CPU
		{BD260549-949E-4231-8D6B-C125CB4CA0AB}.AppStore|iPhone.Build.0 = Debug|Any CPU
		{BD260549-949E-4231-8D6B-C125CB4CA0AB}.AppStore|iPhone.Deploy.0 = Debug|Any CPU
		{BD260549-949E-4231-8D6B-C125CB4CA0AB}.Debug|Any CPU.ActiveCfg = Debug|Any CPU
		{BD260549-949E-4231-8D6B-C125CB4CA0AB}.Debug|Any CPU.Build.0 = Debug|Any CPU
		{BD260549-949E-4231-8D6B-C125CB4CA0AB}.Debug|Any CPU.Deploy.0 = Debug|Any CPU
		{BD260549-949E-4231-8D6B-C125CB4CA0AB}.Debug|iPhone.ActiveCfg = Debug|Any CPU
		{BD260549-949E-4231-8D6B-C125CB4CA0AB}.Debug|iPhone.Build.0 = Debug|Any CPU
		{BD260549-949E-4231-8D6B-C125CB4CA0AB}.Debug|iPhone.Deploy.0 = Debug|Any CPU
		{BD260549-949E-4231-8D6B-C125CB4CA0AB}.Debug|iPhoneSimulator.ActiveCfg = Debug|Any CPU
		{BD260549-949E-4231-8D6B-C125CB4CA0AB}.Debug|iPhoneSimulator.Build.0 = Debug|Any CPU
		{BD260549-949E-4231-8D6B-C125CB4CA0AB}.Debug|iPhoneSimulator.Deploy.0 = Debug|Any CPU
		{BD260549-949E-4231-8D6B-C125CB4CA0AB}.Release|Any CPU.ActiveCfg = Release|Any CPU
		{BD260549-949E-4231-8D6B-C125CB4CA0AB}.Release|Any CPU.Build.0 = Release|Any CPU
		{BD260549-949E-4231-8D6B-C125CB4CA0AB}.Release|Any CPU.Deploy.0 = Release|Any CPU
		{BD260549-949E-4231-8D6B-C125CB4CA0AB}.Release|iPhone.ActiveCfg = Release|Any CPU
		{BD260549-949E-4231-8D6B-C125CB4CA0AB}.Release|iPhone.Build.0 = Release|Any CPU
		{BD260549-949E-4231-8D6B-C125CB4CA0AB}.Release|iPhone.Deploy.0 = Release|Any CPU
		{BD260549-949E-4231-8D6B-C125CB4CA0AB}.Release|iPhoneSimulator.ActiveCfg = Release|Any CPU
		{BD260549-949E-4231-8D6B-C125CB4CA0AB}.Release|iPhoneSimulator.Build.0 = Release|Any CPU
		{BD260549-949E-4231-8D6B-C125CB4CA0AB}.Release|iPhoneSimulator.Deploy.0 = Release|Any CPU
		{F578894D-166C-4836-BEB7-AA124A396873}.Ad-Hoc|iPhone.ActiveCfg = Ad-Hoc|iPhone
		{F578894D-166C-4836-BEB7-AA124A396873}.Ad-Hoc|iPhone.Build.0 = Ad-Hoc|iPhone
		{F578894D-166C-4836-BEB7-AA124A396873}.Ad-Hoc|iPhone.Deploy.0 = Ad-Hoc|iPhone
		{F578894D-166C-4836-BEB7-AA124A396873}.AppStore|iPhone.ActiveCfg = AppStore|iPhone
		{F578894D-166C-4836-BEB7-AA124A396873}.AppStore|iPhone.Build.0 = AppStore|iPhone
		{F578894D-166C-4836-BEB7-AA124A396873}.AppStore|iPhone.Deploy.0 = AppStore|iPhone
		{F578894D-166C-4836-BEB7-AA124A396873}.Debug|Any CPU.ActiveCfg = Debug|iPhoneSimulator
		{F578894D-166C-4836-BEB7-AA124A396873}.Debug|Any CPU.Build.0 = Debug|iPhoneSimulator
		{F578894D-166C-4836-BEB7-AA124A396873}.Debug|Any CPU.Deploy.0 = Debug|iPhoneSimulator
		{F578894D-166C-4836-BEB7-AA124A396873}.Debug|iPhone.ActiveCfg = Debug|iPhone
		{F578894D-166C-4836-BEB7-AA124A396873}.Debug|iPhone.Build.0 = Debug|iPhone
		{F578894D-166C-4836-BEB7-AA124A396873}.Debug|iPhone.Deploy.0 = Debug|iPhone
		{F578894D-166C-4836-BEB7-AA124A396873}.Debug|iPhoneSimulator.ActiveCfg = Debug|iPhoneSimulator
		{F578894D-166C-4836-BEB7-AA124A396873}.Debug|iPhoneSimulator.Build.0 = Debug|iPhoneSimulator
		{F578894D-166C-4836-BEB7-AA124A396873}.Debug|iPhoneSimulator.Deploy.0 = Debug|iPhoneSimulator
		{F578894D-166C-4836-BEB7-AA124A396873}.Release|Any CPU.ActiveCfg = Release|iPhoneSimulator
		{F578894D-166C-4836-BEB7-AA124A396873}.Release|Any CPU.Build.0 = Release|iPhoneSimulator
		{F578894D-166C-4836-BEB7-AA124A396873}.Release|Any CPU.Deploy.0 = Release|iPhoneSimulator
		{F578894D-166C-4836-BEB7-AA124A396873}.Release|iPhone.ActiveCfg = Release|iPhone
		{F578894D-166C-4836-BEB7-AA124A396873}.Release|iPhone.Build.0 = Release|iPhone
		{F578894D-166C-4836-BEB7-AA124A396873}.Release|iPhone.Deploy.0 = Release|iPhone
		{F578894D-166C-4836-BEB7-AA124A396873}.Release|iPhoneSimulator.ActiveCfg = Release|iPhoneSimulator
		{F578894D-166C-4836-BEB7-AA124A396873}.Release|iPhoneSimulator.Build.0 = Release|iPhoneSimulator
		{F578894D-166C-4836-BEB7-AA124A396873}.Release|iPhoneSimulator.Deploy.0 = Release|iPhoneSimulator
	EndGlobalSection
EndGlobal
